
Microsoft Visual Studio Solution File, Format Version 12.00
# Visual Studio Version 17
VisualStudioVersion = 17.8.34525.116
MinimumVisualStudioVersion = 10.0.40219.1
Project("{FAE04EC0-301F-11D3-BF4B-00C04F79EFBC}") = "SimulationSessionSummary", "SimulationSessionSummary\SimulationSessionSummary.csproj", "{AFD7E603-BCC8-4E96-BA0A-9B0AF2EFD720}"
EndProject
Global
	GlobalSection(SolutionConfigurationPlatforms) = preSolution
		Debug|x64 = Debug|x64
		Release|x64 = Release|x64
	EndGlobalSection
	GlobalSection(ProjectConfigurationPlatforms) = postSolution
		{AFD7E603-BCC8-4E96-BA0A-9B0AF2EFD720}.Debug|x64.ActiveCfg = Debug|x64
		{AFD7E603-BCC8-4E96-BA0A-9B0AF2EFD720}.Debug|x64.Build.0 = Debug|x64
		{AFD7E603-BCC8-4E96-BA0A-9B0AF2EFD720}.Release|x64.ActiveCfg = Release|x64
		{AFD7E603-BCC8-4E96-BA0A-9B0AF2EFD720}.Release|x64.Build.0 = Release|x64
	EndGlobalSection
	GlobalSection(SolutionProperties) = preSolution
		HideSolutionNode = FALSE
	EndGlobalSection
	GlobalSection(ExtensibilityGlobals) = postSolution
		SolutionGuid = {AE90FF0B-47D5-4131-A7E2-3A50059D49A4}
	EndGlobalSection
EndGlobal
